github.com/zhuniao/r0 v0.0.0-20201116083109-c8224d993207 h1:G6lttgJ26Bqh1boMELqYm8RKyAk9gg63dHJnvgthQlQ=
github.com/zhuniao/r0 v0.1.0 h1:BGeDVtl8cmTP69LzOCwItci0oexwemiGbN/wOcCLqhc=
github.com/zhuniao/r0 v0.1.0/go.mod h1:v4MvZ/KzXddITLDXkQYSy4oJzO0eE+DzjSb1IM3r9Ec=
github.com/zhuniao/r0 v1.0.0 h1:Fc2UO4ZIZM3c/vwRYGZa+N0HjZ3vAD6D7753MjVGsP8=
github.com/zhuniao/r0 v1.0.0/go.mod h1:v4MvZ/KzXddITLDXkQYSy4oJzO0eE+DzjSb1IM3r9Ec=
